
Microsoft Visual Studio Solution File, Format Version 12.00
# Visual Studio Version 16
VisualStudioVersion = 16.0.33027.164
MinimumVisualStudioVersion = 10.0.40219.1
Project("{FAE04EC0-301F-11D3-BF4B-00C04F79EFBC}") = "UftDevWebTest", "UftDevWebTest\UftDevWebTest.csproj", "{ADD171AC-741A-4AB5-91FB-D5BABAB892FD}"
EndProject
Global
	GlobalSection(SolutionConfigurationPlatforms) = preSolution
		Debug|Any CPU = Debug|Any CPU
		Release|Any CPU = Release|Any CPU
	EndGlobalSection
	GlobalSection(ProjectConfigurationPlatforms) = postSolution
		{ADD171AC-741A-4AB5-91FB-D5BABAB892FD}.Debug|Any CPU.ActiveCfg = Debug|Any CPU
		{ADD171AC-741A-4AB5-91FB-D5BABAB892FD}.Debug|Any CPU.Build.0 = Debug|Any CPU
		{ADD171AC-741A-4AB5-91FB-D5BABAB892FD}.Release|Any CPU.ActiveCfg = Release|Any CPU
		{ADD171AC-741A-4AB5-91FB-D5BABAB892FD}.Release|Any CPU.Build.0 = Release|Any CPU
	EndGlobalSection
	GlobalSection(SolutionProperties) = preSolution
		HideSolutionNode = FALSE
	EndGlobalSection
	GlobalSection(ExtensibilityGlobals) = postSolution
		SolutionGuid = {6FD3AE63-B024-44E8-B5FA-9FFC43B504EC}
	EndGlobalSection
EndGlobal
